
Microsoft Visual Studio Solution File, Format Version 12.00
# Visual Studio Version 17
VisualStudioVersion = 17.8.34525.116
MinimumVisualStudioVersion = 10.0.40219.1
Project("{9A19103F-16F7-4668-BE54-9A1E7A4F7556}") = "MainSerialisation", "MainSerialisation\MainSerialisation.csproj", "{F25F363C-811D-4B14-B2AF-FCAD4762A08A}"
EndProject
Project("{2150E333-8FDC-42A3-9474-1A3956D46DE8}") = "tp", "tp", "{31114BD2-7F5B-4427-B7DE-3E88ECB8D2C8}"
EndProject
Project("{9A19103F-16F7-4668-BE54-9A1E7A4F7556}") = "XMLSerialisation", "..\tp\XMLSerialisation\XMLSerialisation.csproj", "{57822203-3757-4DF4-8FA4-786FFF838F80}"
EndProject
Project("{2150E333-8FDC-42A3-9474-1A3956D46DE8}") = "Models", "Models", "{669C66EE-89BF-4DBF-A474-8A6F5FECF3A5}"
EndProject
Project("{9A19103F-16F7-4668-BE54-9A1E7A4F7556}") = "ModelsSerialisation", "..\Models\ModelsSerialisation\ModelsSerialisation.csproj", "{57668E9A-B85A-4E9B-A1DB-C579C4E83A24}"
EndProject
Project("{2150E333-8FDC-42A3-9474-1A3956D46DE8}") = "Docs", "Docs", "{6275B168-4E94-47DC-A805-D843597A52C9}"
	ProjectSection(SolutionItems) = preProject
		..\..\Docs\Cour.txt = ..\..\Docs\Cour.txt
		..\..\Docs\Exercices.txt = ..\..\Docs\Exercices.txt
		..\..\Docs\fichier.xml = ..\..\Docs\fichier.xml
		..\..\Docs\personne.xml = ..\..\Docs\personne.xml
	EndProjectSection
EndProject
Project("{FAE04EC0-301F-11D3-BF4B-00C04F79EFBC}") = "JsonSerialisation", "JsonSerialisation\JsonSerialisation.csproj", "{03040A53-D590-4180-8C82-1F9D68A16969}"
EndProject
Global
	GlobalSection(SolutionConfigurationPlatforms) = preSolution
		Debug|Any CPU = Debug|Any CPU
		Release|Any CPU = Release|Any CPU
	EndGlobalSection
	GlobalSection(ProjectConfigurationPlatforms) = postSolution
		{F25F363C-811D-4B14-B2AF-FCAD4762A08A}.Debug|Any CPU.ActiveCfg = Debug|Any CPU
		{F25F363C-811D-4B14-B2AF-FCAD4762A08A}.Debug|Any CPU.Build.0 = Debug|Any CPU
		{F25F363C-811D-4B14-B2AF-FCAD4762A08A}.Release|Any CPU.ActiveCfg = Release|Any CPU
		{F25F363C-811D-4B14-B2AF-FCAD4762A08A}.Release|Any CPU.Build.0 = Release|Any CPU
		{57822203-3757-4DF4-8FA4-786FFF838F80}.Debug|Any CPU.ActiveCfg = Debug|Any CPU
		{57822203-3757-4DF4-8FA4-786FFF838F80}.Debug|Any CPU.Build.0 = Debug|Any CPU
		{57822203-3757-4DF4-8FA4-786FFF838F80}.Release|Any CPU.ActiveCfg = Release|Any CPU
		{57822203-3757-4DF4-8FA4-786FFF838F80}.Release|Any CPU.Build.0 = Release|Any CPU
		{57668E9A-B85A-4E9B-A1DB-C579C4E83A24}.Debug|Any CPU.ActiveCfg = Debug|Any CPU
		{57668E9A-B85A-4E9B-A1DB-C579C4E83A24}.Debug|Any CPU.Build.0 = Debug|Any CPU
		{57668E9A-B85A-4E9B-A1DB-C579C4E83A24}.Release|Any CPU.ActiveCfg = Release|Any CPU
		{57668E9A-B85A-4E9B-A1DB-C579C4E83A24}.Release|Any CPU.Build.0 = Release|Any CPU
		{03040A53-D590-4180-8C82-1F9D68A16969}.Debug|Any CPU.ActiveCfg = Debug|Any CPU
		{03040A53-D590-4180-8C82-1F9D68A16969}.Debug|Any CPU.Build.0 = Debug|Any CPU
		{03040A53-D590-4180-8C82-1F9D68A16969}.Release|Any CPU.ActiveCfg = Release|Any CPU
		{03040A53-D590-4180-8C82-1F9D68A16969}.Release|Any CPU.Build.0 = Release|Any CPU
	EndGlobalSection
	GlobalSection(SolutionProperties) = preSolution
		HideSolutionNode = FALSE
	EndGlobalSection
	GlobalSection(NestedProjects) = preSolution
		{57822203-3757-4DF4-8FA4-786FFF838F80} = {31114BD2-7F5B-4427-B7DE-3E88ECB8D2C8}
		{57668E9A-B85A-4E9B-A1DB-C579C4E83A24} = {669C66EE-89BF-4DBF-A474-8A6F5FECF3A5}
		{03040A53-D590-4180-8C82-1F9D68A16969} = {31114BD2-7F5B-4427-B7DE-3E88ECB8D2C8}
	EndGlobalSection
	GlobalSection(ExtensibilityGlobals) = postSolution
		SolutionGuid = {666BDD15-5A8E-4FED-B31E-3AFD474F0BD3}
	EndGlobalSection
EndGlobal
